
Microsoft Visual Studio Solution File, Format Version 12.00
# Visual Studio Version 17
VisualStudioVersion = 17.3.32825.248
MinimumVisualStudioVersion = 10.0.40219.1
Project("{888888A0-9F3D-457C-B088-3A5042F75D52}") = "cobra", "cobra\cobra.pyproj", "{366A8425-AFBB-4B6E-90B4-35F3E301775B}"
EndProject
Global
	GlobalSection(SolutionConfigurationPlatforms) = preSolution
		Debug|Any CPU = Debug|Any CPU
		Release|Any CPU = Release|Any CPU
	EndGlobalSection
	GlobalSection(ProjectConfigurationPlatforms) = postSolution
		{366A8425-AFBB-4B6E-90B4-35F3E301775B}.Debug|Any CPU.ActiveCfg = Debug|Any CPU
		{366A8425-AFBB-4B6E-90B4-35F3E301775B}.Release|Any CPU.ActiveCfg = Release|Any CPU
	EndGlobalSection
	GlobalSection(SolutionProperties) = preSolution
		HideSolutionNode = FALSE
	EndGlobalSection
	GlobalSection(ExtensibilityGlobals) = postSolution
		SolutionGuid = {0FBFF80D-796F-4743-81E3-181BA6E6C969}
	EndGlobalSection
EndGlobal
